
Microsoft Visual Studio Solution File, Format Version 12.00
# Visual Studio 15
VisualStudioVersion = 15.0.28307.960
MinimumVisualStudioVersion = 10.0.40219.1
Project("{8BC9CEB8-8B4A-11D0-8D11-00A0C91BC942}") = "HookerDll", "HookerDll\HookerDll.vcxproj", "{96EE1E0C-6E78-4D85-A31C-F4DC2C94B750}"
EndProject
Global
	GlobalSection(SolutionConfigurationPlatforms) = preSolution
		Debug|x64 = Debug|x64
		Debug|x86 = Debug|x86
		Release|x64 = Release|x64
		Release|x86 = Release|x86
	EndGlobalSection
	GlobalSection(ProjectConfigurationPlatforms) = postSolution
		{96EE1E0C-6E78-4D85-A31C-F4DC2C94B750}.Debug|x64.ActiveCfg = Debug|x64
		{96EE1E0C-6E78-4D85-A31C-F4DC2C94B750}.Debug|x64.Build.0 = Debug|x64
		{96EE1E0C-6E78-4D85-A31C-F4DC2C94B750}.Debug|x86.ActiveCfg = Debug|Win32
		{96EE1E0C-6E78-4D85-A31C-F4DC2C94B750}.Debug|x86.Build.0 = Debug|Win32
		{96EE1E0C-6E78-4D85-A31C-F4DC2C94B750}.Release|x64.ActiveCfg = Release|x64
		{96EE1E0C-6E78-4D85-A31C-F4DC2C94B750}.Release|x64.Build.0 = Release|x64
		{96EE1E0C-6E78-4D85-A31C-F4DC2C94B750}.Release|x86.ActiveCfg = Release|Win32
		{96EE1E0C-6E78-4D85-A31C-F4DC2C94B750}.Release|x86.Build.0 = Release|Win32
	EndGlobalSection
	GlobalSection(SolutionProperties) = preSolution
		HideSolutionNode = FALSE
	EndGlobalSection
	GlobalSection(ExtensibilityGlobals) = postSolution
		SolutionGuid = {DCDCADDF-90A1-4114-A7BA-5776F55DC410}
	EndGlobalSection
EndGlobal
